
Microsoft Visual Studio Solution File, Format Version 12.00
# Visual Studio 15
VisualStudioVersion = 15.0.26124.0
MinimumVisualStudioVersion = 15.0.26124.0
Project("{2150E333-8FDC-42A3-9474-1A3956D46DE8}") = "01_dependency_injection", "01_dependency_injection", "{33EDD594-DF2A-497E-9E50-A3FFFD6A40A1}"
EndProject
Project("{2150E333-8FDC-42A3-9474-1A3956D46DE8}") = "02_exercise", "02_exercise", "{5E228158-DC31-4D35-B969-36480A649876}"
EndProject
Project("{2150E333-8FDC-42A3-9474-1A3956D46DE8}") = "project", "project", "{0FAB9D9A-3333-4CB0-84E2-3F5CFFB590FD}"
EndProject
Project("{FAE04EC0-301F-11D3-BF4B-00C04F79EFBC}") = "Utils", "01_dependency_injection\02_exercise\project\Utils\Utils.csproj", "{C134FCA8-D6A2-4CC0-B532-506ABB4DCCEC}"
EndProject
Project("{FAE04EC0-301F-11D3-BF4B-00C04F79EFBC}") = "Test", "01_dependency_injection\02_exercise\project\Test\Test.csproj", "{A46A993B-51CB-40FA-8847-063CCFB4471C}"
EndProject
Project("{FAE04EC0-301F-11D3-BF4B-00C04F79EFBC}") = "App", "01_dependency_injection\02_exercise\project\App\App.csproj", "{01907586-9AAC-4520-A98A-F9012CF5EA98}"
EndProject
Global
	GlobalSection(SolutionConfigurationPlatforms) = preSolution
		Debug|Any CPU = Debug|Any CPU
		Debug|x64 = Debug|x64
		Debug|x86 = Debug|x86
		Release|Any CPU = Release|Any CPU
		Release|x64 = Release|x64
		Release|x86 = Release|x86
	EndGlobalSection
	GlobalSection(SolutionProperties) = preSolution
		HideSolutionNode = FALSE
	EndGlobalSection
	GlobalSection(ProjectConfigurationPlatforms) = postSolution
		{C134FCA8-D6A2-4CC0-B532-506ABB4DCCEC}.Debug|Any CPU.ActiveCfg = Debug|Any CPU
		{C134FCA8-D6A2-4CC0-B532-506ABB4DCCEC}.Debug|Any CPU.Build.0 = Debug|Any CPU
		{C134FCA8-D6A2-4CC0-B532-506ABB4DCCEC}.Debug|x64.ActiveCfg = Debug|Any CPU
		{C134FCA8-D6A2-4CC0-B532-506ABB4DCCEC}.Debug|x64.Build.0 = Debug|Any CPU
		{C134FCA8-D6A2-4CC0-B532-506ABB4DCCEC}.Debug|x86.ActiveCfg = Debug|Any CPU
		{C134FCA8-D6A2-4CC0-B532-506ABB4DCCEC}.Debug|x86.Build.0 = Debug|Any CPU
		{C134FCA8-D6A2-4CC0-B532-506ABB4DCCEC}.Release|Any CPU.ActiveCfg = Release|Any CPU
		{C134FCA8-D6A2-4CC0-B532-506ABB4DCCEC}.Release|Any CPU.Build.0 = Release|Any CPU
		{C134FCA8-D6A2-4CC0-B532-506ABB4DCCEC}.Release|x64.ActiveCfg = Release|Any CPU
		{C134FCA8-D6A2-4CC0-B532-506ABB4DCCEC}.Release|x64.Build.0 = Release|Any CPU
		{C134FCA8-D6A2-4CC0-B532-506ABB4DCCEC}.Release|x86.ActiveCfg = Release|Any CPU
		{C134FCA8-D6A2-4CC0-B532-506ABB4DCCEC}.Release|x86.Build.0 = Release|Any CPU
		{A46A993B-51CB-40FA-8847-063CCFB4471C}.Debug|Any CPU.ActiveCfg = Debug|Any CPU
		{A46A993B-51CB-40FA-8847-063CCFB4471C}.Debug|Any CPU.Build.0 = Debug|Any CPU
		{A46A993B-51CB-40FA-8847-063CCFB4471C}.Debug|x64.ActiveCfg = Debug|Any CPU
		{A46A993B-51CB-40FA-8847-063CCFB4471C}.Debug|x64.Build.0 = Debug|Any CPU
		{A46A993B-51CB-40FA-8847-063CCFB4471C}.Debug|x86.ActiveCfg = Debug|Any CPU
		{A46A993B-51CB-40FA-8847-063CCFB4471C}.Debug|x86.Build.0 = Debug|Any CPU
		{A46A993B-51CB-40FA-8847-063CCFB4471C}.Release|Any CPU.ActiveCfg = Release|Any CPU
		{A46A993B-51CB-40FA-8847-063CCFB4471C}.Release|Any CPU.Build.0 = Release|Any CPU
		{A46A993B-51CB-40FA-8847-063CCFB4471C}.Release|x64.ActiveCfg = Release|Any CPU
		{A46A993B-51CB-40FA-8847-063CCFB4471C}.Release|x64.Build.0 = Release|Any CPU
		{A46A993B-51CB-40FA-8847-063CCFB4471C}.Release|x86.ActiveCfg = Release|Any CPU
		{A46A993B-51CB-40FA-8847-063CCFB4471C}.Release|x86.Build.0 = Release|Any CPU
		{01907586-9AAC-4520-A98A-F9012CF5EA98}.Debug|Any CPU.ActiveCfg = Debug|Any CPU
		{01907586-9AAC-4520-A98A-F9012CF5EA98}.Debug|Any CPU.Build.0 = Debug|Any CPU
		{01907586-9AAC-4520-A98A-F9012CF5EA98}.Debug|x64.ActiveCfg = Debug|Any CPU
		{01907586-9AAC-4520-A98A-F9012CF5EA98}.Debug|x64.Build.0 = Debug|Any CPU
		{01907586-9AAC-4520-A98A-F9012CF5EA98}.Debug|x86.ActiveCfg = Debug|Any CPU
		{01907586-9AAC-4520-A98A-F9012CF5EA98}.Debug|x86.Build.0 = Debug|Any CPU
		{01907586-9AAC-4520-A98A-F9012CF5EA98}.Release|Any CPU.ActiveCfg = Release|Any CPU
		{01907586-9AAC-4520-A98A-F9012CF5EA98}.Release|Any CPU.Build.0 = Release|Any CPU
		{01907586-9AAC-4520-A98A-F9012CF5EA98}.Release|x64.ActiveCfg = Release|Any CPU
		{01907586-9AAC-4520-A98A-F9012CF5EA98}.Release|x64.Build.0 = Release|Any CPU
		{01907586-9AAC-4520-A98A-F9012CF5EA98}.Release|x86.ActiveCfg = Release|Any CPU
		{01907586-9AAC-4520-A98A-F9012CF5EA98}.Release|x86.Build.0 = Release|Any CPU
	EndGlobalSection
	GlobalSection(NestedProjects) = preSolution
		{5E228158-DC31-4D35-B969-36480A649876} = {33EDD594-DF2A-497E-9E50-A3FFFD6A40A1}
		{0FAB9D9A-3333-4CB0-84E2-3F5CFFB590FD} = {5E228158-DC31-4D35-B969-36480A649876}
		{C134FCA8-D6A2-4CC0-B532-506ABB4DCCEC} = {0FAB9D9A-3333-4CB0-84E2-3F5CFFB590FD}
		{A46A993B-51CB-40FA-8847-063CCFB4471C} = {0FAB9D9A-3333-4CB0-84E2-3F5CFFB590FD}
		{01907586-9AAC-4520-A98A-F9012CF5EA98} = {0FAB9D9A-3333-4CB0-84E2-3F5CFFB590FD}
	EndGlobalSection
EndGlobal
