Microsoft Visual Studio Solution File, Format Version 12.00

# Visual Studio 15

VisualStudioVersion = 15.0.26124.0

MinimumVisualStudioVersion = 15.0.26124.0

Project("{2150E333-8FDC-42A3-9474-1A3956D46DE8}") = "03_rest_api", "03_rest_api", "{4FD5AABA-F366-408F-A9C9-DA3A3DBC8441}"

EndProject

Project("{2150E333-8FDC-42A3-9474-1A3956D46DE8}") = "02_exercise", "02_exercise", "{38013DF7-32AB-453D-9B18-0F5444D17736}"

EndProject

Project("{2150E333-8FDC-42A3-9474-1A3956D46DE8}") = "project", "project", "{F8DEE5CE-22C8-4482-B978-11D624D89536}"

EndProject

Project("{FAE04EC0-301F-11D3-BF4B-00C04F79EFBC}") = "Utils", "03_rest_api\02_exercise\project\Utils\Utils.csproj", "{6601F545-E183-4483-9C4C-1A16B3E148E8}"

EndProject

Project("{FAE04EC0-301F-11D3-BF4B-00C04F79EFBC}") = "App", "03_rest_api\02_exercise\project\App\App.csproj", "{B51AD636-4A88-458E-BEA1-B6E2536F09AA}"

EndProject

Project("{FAE04EC0-301F-11D3-BF4B-00C04F79EFBC}") = "Test", "03_rest_api\02_exercise\project\Test\Test.csproj", "{5C1B85F3-5B41-4613-8F03-02BFDF89010F}"

EndProject

Global

	GlobalSection(SolutionConfigurationPlatforms) = preSolution

		Debug|Any CPU = Debug|Any CPU

		Debug|x64 = Debug|x64

		Debug|x86 = Debug|x86

		Release|Any CPU = Release|Any CPU

		Release|x64 = Release|x64

		Release|x86 = Release|x86

	EndGlobalSection

	GlobalSection(SolutionProperties) = preSolution

		HideSolutionNode = FALSE

	EndGlobalSection

	GlobalSection(ProjectConfigurationPlatforms) = postSolution

		{6601F545-E183-4483-9C4C-1A16B3E148E8}.Debug|Any CPU.ActiveCfg = Debug|Any CPU

		{6601F545-E183-4483-9C4C-1A16B3E148E8}.Debug|Any CPU.Build.0 = Debug|Any CPU

		{6601F545-E183-4483-9C4C-1A16B3E148E8}.Debug|x64.ActiveCfg = Debug|Any CPU

		{6601F545-E183-4483-9C4C-1A16B3E148E8}.Debug|x64.Build.0 = Debug|Any CPU

		{6601F545-E183-4483-9C4C-1A16B3E148E8}.Debug|x86.ActiveCfg = Debug|Any CPU

		{6601F545-E183-4483-9C4C-1A16B3E148E8}.Debug|x86.Build.0 = Debug|Any CPU

		{6601F545-E183-4483-9C4C-1A16B3E148E8}.Release|Any CPU.ActiveCfg = Release|Any CPU

		{6601F545-E183-4483-9C4C-1A16B3E148E8}.Release|Any CPU.Build.0 = Release|Any CPU

		{6601F545-E183-4483-9C4C-1A16B3E148E8}.Release|x64.ActiveCfg = Release|Any CPU

		{6601F545-E183-4483-9C4C-1A16B3E148E8}.Release|x64.Build.0 = Release|Any CPU

		{6601F545-E183-4483-9C4C-1A16B3E148E8}.Release|x86.ActiveCfg = Release|Any CPU

		{6601F545-E183-4483-9C4C-1A16B3E148E8}.Release|x86.Build.0 = Release|Any CPU

		{B51AD636-4A88-458E-BEA1-B6E2536F09AA}.Debug|Any CPU.ActiveCfg = Debug|Any CPU

		{B51AD636-4A88-458E-BEA1-B6E2536F09AA}.Debug|Any CPU.Build.0 = Debug|Any CPU

		{B51AD636-4A88-458E-BEA1-B6E2536F09AA}.Debug|x64.ActiveCfg = Debug|Any CPU

		{B51AD636-4A88-458E-BEA1-B6E2536F09AA}.Debug|x64.Build.0 = Debug|Any CPU

		{B51AD636-4A88-458E-BEA1-B6E2536F09AA}.Debug|x86.ActiveCfg = Debug|Any CPU

		{B51AD636-4A88-458E-BEA1-B6E2536F09AA}.Debug|x86.Build.0 = Debug|Any CPU

		{B51AD636-4A88-458E-BEA1-B6E2536F09AA}.Release|Any CPU.ActiveCfg = Release|Any CPU

		{B51AD636-4A88-458E-BEA1-B6E2536F09AA}.Release|Any CPU.Build.0 = Release|Any CPU

		{B51AD636-4A88-458E-BEA1-B6E2536F09AA}.Release|x64.ActiveCfg = Release|Any CPU

		{B51AD636-4A88-458E-BEA1-B6E2536F09AA}.Release|x64.Build.0 = Release|Any CPU

		{B51AD636-4A88-458E-BEA1-B6E2536F09AA}.Release|x86.ActiveCfg = Release|Any CPU

		{B51AD636-4A88-458E-BEA1-B6E2536F09AA}.Release|x86.Build.0 = Release|Any CPU

		{5C1B85F3-5B41-4613-8F03-02BFDF89010F}.Debug|Any CPU.ActiveCfg = Debug|Any CPU

		{5C1B85F3-5B41-4613-8F03-02BFDF89010F}.Debug|Any CPU.Build.0 = Debug|Any CPU

		{5C1B85F3-5B41-4613-8F03-02BFDF89010F}.Debug|x64.ActiveCfg = Debug|Any CPU

		{5C1B85F3-5B41-4613-8F03-02BFDF89010F}.Debug|x64.Build.0 = Debug|Any CPU

		{5C1B85F3-5B41-4613-8F03-02BFDF89010F}.Debug|x86.ActiveCfg = Debug|Any CPU

		{5C1B85F3-5B41-4613-8F03-02BFDF89010F}.Debug|x86.Build.0 = Debug|Any CPU

		{5C1B85F3-5B41-4613-8F03-02BFDF89010F}.Release|Any CPU.ActiveCfg = Release|Any CPU

		{5C1B85F3-5B41-4613-8F03-02BFDF89010F}.Release|Any CPU.Build.0 = Release|Any CPU

		{5C1B85F3-5B41-4613-8F03-02BFDF89010F}.Release|x64.ActiveCfg = Release|Any CPU

		{5C1B85F3-5B41-4613-8F03-02BFDF89010F}.Release|x64.Build.0 = Release|Any CPU

		{5C1B85F3-5B41-4613-8F03-02BFDF89010F}.Release|x86.ActiveCfg = Release|Any CPU

		{5C1B85F3-5B41-4613-8F03-02BFDF89010F}.Release|x86.Build.0 = Release|Any CPU

	EndGlobalSection

	GlobalSection(NestedProjects) = preSolution

		{38013DF7-32AB-453D-9B18-0F5444D17736} = {4FD5AABA-F366-408F-A9C9-DA3A3DBC8441}

		{F8DEE5CE-22C8-4482-B978-11D624D89536} = {38013DF7-32AB-453D-9B18-0F5444D17736}

		{6601F545-E183-4483-9C4C-1A16B3E148E8} = {F8DEE5CE-22C8-4482-B978-11D624D89536}

		{B51AD636-4A88-458E-BEA1-B6E2536F09AA} = {F8DEE5CE-22C8-4482-B978-11D624D89536}

		{5C1B85F3-5B41-4613-8F03-02BFDF89010F} = {F8DEE5CE-22C8-4482-B978-11D624D89536}

	EndGlobalSection

EndGlobal

