
Microsoft Visual Studio Solution File, Format Version 12.00
# Visual Studio 15
VisualStudioVersion = 15.0.26124.0
MinimumVisualStudioVersion = 15.0.26124.0
Project("{FAE04EC0-301F-11D3-BF4B-00C04F79EFBC}") = "Test", "Test\Test.csproj", "{182D8ABF-14D7-40AE-99E5-A30E79A74C44}"
EndProject
Project("{FAE04EC0-301F-11D3-BF4B-00C04F79EFBC}") = "App", "App\App.csproj", "{B710C991-CA95-40AC-BB81-45EC95AD18E9}"
EndProject
Project("{FAE04EC0-301F-11D3-BF4B-00C04F79EFBC}") = "Utils", "Utils\Utils.csproj", "{BD34494A-9200-4B7F-8CF8-C7ED12348E2F}"
EndProject
Global
	GlobalSection(SolutionConfigurationPlatforms) = preSolution
		Debug|Any CPU = Debug|Any CPU
		Debug|x64 = Debug|x64
		Debug|x86 = Debug|x86
		Release|Any CPU = Release|Any CPU
		Release|x64 = Release|x64
		Release|x86 = Release|x86
	EndGlobalSection
	GlobalSection(SolutionProperties) = preSolution
		HideSolutionNode = FALSE
	EndGlobalSection
	GlobalSection(ProjectConfigurationPlatforms) = postSolution
		{182D8ABF-14D7-40AE-99E5-A30E79A74C44}.Debug|Any CPU.ActiveCfg = Debug|Any CPU
		{182D8ABF-14D7-40AE-99E5-A30E79A74C44}.Debug|Any CPU.Build.0 = Debug|Any CPU
		{182D8ABF-14D7-40AE-99E5-A30E79A74C44}.Debug|x64.ActiveCfg = Debug|Any CPU
		{182D8ABF-14D7-40AE-99E5-A30E79A74C44}.Debug|x64.Build.0 = Debug|Any CPU
		{182D8ABF-14D7-40AE-99E5-A30E79A74C44}.Debug|x86.ActiveCfg = Debug|Any CPU
		{182D8ABF-14D7-40AE-99E5-A30E79A74C44}.Debug|x86.Build.0 = Debug|Any CPU
		{182D8ABF-14D7-40AE-99E5-A30E79A74C44}.Release|Any CPU.ActiveCfg = Release|Any CPU
		{182D8ABF-14D7-40AE-99E5-A30E79A74C44}.Release|Any CPU.Build.0 = Release|Any CPU
		{182D8ABF-14D7-40AE-99E5-A30E79A74C44}.Release|x64.ActiveCfg = Release|Any CPU
		{182D8ABF-14D7-40AE-99E5-A30E79A74C44}.Release|x64.Build.0 = Release|Any CPU
		{182D8ABF-14D7-40AE-99E5-A30E79A74C44}.Release|x86.ActiveCfg = Release|Any CPU
		{182D8ABF-14D7-40AE-99E5-A30E79A74C44}.Release|x86.Build.0 = Release|Any CPU
		{B710C991-CA95-40AC-BB81-45EC95AD18E9}.Debug|Any CPU.ActiveCfg = Debug|Any CPU
		{B710C991-CA95-40AC-BB81-45EC95AD18E9}.Debug|Any CPU.Build.0 = Debug|Any CPU
		{B710C991-CA95-40AC-BB81-45EC95AD18E9}.Debug|x64.ActiveCfg = Debug|Any CPU
		{B710C991-CA95-40AC-BB81-45EC95AD18E9}.Debug|x64.Build.0 = Debug|Any CPU
		{B710C991-CA95-40AC-BB81-45EC95AD18E9}.Debug|x86.ActiveCfg = Debug|Any CPU
		{B710C991-CA95-40AC-BB81-45EC95AD18E9}.Debug|x86.Build.0 = Debug|Any CPU
		{B710C991-CA95-40AC-BB81-45EC95AD18E9}.Release|Any CPU.ActiveCfg = Release|Any CPU
		{B710C991-CA95-40AC-BB81-45EC95AD18E9}.Release|Any CPU.Build.0 = Release|Any CPU
		{B710C991-CA95-40AC-BB81-45EC95AD18E9}.Release|x64.ActiveCfg = Release|Any CPU
		{B710C991-CA95-40AC-BB81-45EC95AD18E9}.Release|x64.Build.0 = Release|Any CPU
		{B710C991-CA95-40AC-BB81-45EC95AD18E9}.Release|x86.ActiveCfg = Release|Any CPU
		{B710C991-CA95-40AC-BB81-45EC95AD18E9}.Release|x86.Build.0 = Release|Any CPU
		{BD34494A-9200-4B7F-8CF8-C7ED12348E2F}.Debug|Any CPU.ActiveCfg = Debug|Any CPU
		{BD34494A-9200-4B7F-8CF8-C7ED12348E2F}.Debug|Any CPU.Build.0 = Debug|Any CPU
		{BD34494A-9200-4B7F-8CF8-C7ED12348E2F}.Debug|x64.ActiveCfg = Debug|Any CPU
		{BD34494A-9200-4B7F-8CF8-C7ED12348E2F}.Debug|x64.Build.0 = Debug|Any CPU
		{BD34494A-9200-4B7F-8CF8-C7ED12348E2F}.Debug|x86.ActiveCfg = Debug|Any CPU
		{BD34494A-9200-4B7F-8CF8-C7ED12348E2F}.Debug|x86.Build.0 = Debug|Any CPU
		{BD34494A-9200-4B7F-8CF8-C7ED12348E2F}.Release|Any CPU.ActiveCfg = Release|Any CPU
		{BD34494A-9200-4B7F-8CF8-C7ED12348E2F}.Release|Any CPU.Build.0 = Release|Any CPU
		{BD34494A-9200-4B7F-8CF8-C7ED12348E2F}.Release|x64.ActiveCfg = Release|Any CPU
		{BD34494A-9200-4B7F-8CF8-C7ED12348E2F}.Release|x64.Build.0 = Release|Any CPU
		{BD34494A-9200-4B7F-8CF8-C7ED12348E2F}.Release|x86.ActiveCfg = Release|Any CPU
		{BD34494A-9200-4B7F-8CF8-C7ED12348E2F}.Release|x86.Build.0 = Release|Any CPU
	EndGlobalSection
EndGlobal
